github.com/go-chi/chi/v5 v5.2.5 h1:Eg4myHZBjyvJmAFjFvWgrqDTXFyOzjj7YIm3L3mu6Ug=
github.com/go-chi/chi/v5 v5.2.5/go.mod h1:X7Gx4mteadT3eDOMTsXzmI4/rwUpOwBHLpAfupzFJP0=
github.com/google/uuid v1.6.0 h1:NIvaJDMOsjHA8n1jAhLSgzrAzy1Hgr+hNrb57e+94F0=
github.com/google/uuid v1.6.0/go.mod h1:TIyPZe4MgqvfeYDBFedMoGGpEw/LqOeaOT+nhxU+yHo=
github.com/lib/pq v1.12.1 h1:x1nbl/338GLqeDJ/FAiILallhAsqubLzEZu/pXtHUow=
github.com/lib/pq v1.12.1/go.mod h1:/p+8NSbOcwzAEI7wiMXFlgydTwcgTr3OSKMsD2BitpA=
github.com/shopspring/decimal v1.4.0 h1:bxl37RwXBklmTi0C79JfXCEBD1cqqHt0bbgBAGFp81k=
github.com/shopspring/decimal v1.4.0/go.mod h1:gawqmDU56v4yIKSwfBSFip1HdCCXN8/+DMd9qYNcwME=
